PODS:
  - Kingfisher (4.10.1)
  - MJRefresh (3.1.14.1)
  - SnapKit (4.2.0)

DEPENDENCIES:
  - Kingfisher
  - MJRefresh (~> 3.1.14.1)
  - SnapKit

SPEC REPOS:
  https://github.com/CocoaPods/Specs.git:
    - Kingfisher
    - MJRefresh
    - SnapKit

SPEC CHECKSUMS:
  Kingfisher: c148cd7b47ebde9989f6bc7c27dcaa79d81279a0
  MJRefresh: 238e6a37e2dba12160ee3b79f6d2a2b26abcab42
  SnapKit: fe8a619752f3f27075cc9a90244d75c6c3f27e2a

PODFILE CHECKSUM: c071e216a886e468b38b9c2c801f4b9ca6f50dfc

COCOAPODS: 1.6.1
