PODS:
  - Kingfisher (4.10.1)
  - SnapKit (4.2.0)

DEPENDENCIES:
  - Kingfisher
  - SnapKit

SPEC REPOS:
  https://github.com/CocoaPods/Specs.git:
    - Kingfisher
    - SnapKit

SPEC CHECKSUMS:
  Kingfisher: c148cd7b47ebde9989f6bc7c27dcaa79d81279a0
  SnapKit: fe8a619752f3f27075cc9a90244d75c6c3f27e2a

PODFILE CHECKSUM: e6cb7574b5cf99e663c5b599e6ac783c46bd5f51

COCOAPODS: 1.6.1
