PODS:
  - Alamofire (4.9.1)
  - DNSPageView (1.2.1)
  - DZNEmptyDataSet (1.8.1)
  - ESTabBarController-swift (2.8.0)
  - FluentDarkModeKit (1.0.4)
  - FSPagerView (0.8.3)
  - HandyJSON (5.0.2-beta)
  - hpple (0.2.0)
  - JXMarqueeView (0.0.8)
  - JXSegmentedView (1.2.7)
  - Kanna (5.2.4)
  - Kingfisher (4.10.1)
  - LTScrollView (0.2.1)
  - MJRefresh (3.1.14.1)
  - Moya (13.0.1):
    - Moya/Core (= 13.0.1)
  - Moya/Core (13.0.1):
    - Alamofire (~> 4.1)
    - Result (~> 4.1)
  - ReactiveCocoa (11.2.2):
    - ReactiveSwift (~> 6.6)
  - ReactiveSwift (6.7.0)
  - Realm (10.19.0):
    - Realm/Headers (= 10.19.0)
  - Realm/Headers (10.19.0)
  - RealmSwift (10.19.0):
    - Realm (= 10.19.0)
  - Result (4.1.0)
  - SnapKit (4.2.0)
  - StreamingKit (0.1.30)
  - SVProgressHUD (2.2.5)
  - SwiftMessages (7.0.1):
    - SwiftMessages/App (= 7.0.1)
  - SwiftMessages/App (7.0.1)
  - SwiftyJSON (5.0.0)

DEPENDENCIES:
  - DNSPageView
  - DZNEmptyDataSet
  - ESTabBarController-swift
  - FluentDarkModeKit
  - FSPagerView
  - HandyJSON (~> 5.0.2-beta)
  - hpple
  - JXMarqueeView
  - JXSegmentedView
  - Kanna
  - Kingfisher
  - LTScrollView
  - MJRefresh (~> 3.1.14.1)
  - Moya
  - ReactiveCocoa
  - ReactiveSwift (~> 6.1)
  - RealmSwift
  - SnapKit
  - StreamingKit
  - SVProgressHUD
  - SwiftMessages
  - SwiftyJSON

SPEC REPOS:
  https://github.com/CocoaPods/Specs.git:
    - Alamofire
    - DNSPageView
    - DZNEmptyDataSet
    - ESTabBarController-swift
    - FluentDarkModeKit
    - FSPagerView
    - HandyJSON
    - hpple
    - JXMarqueeView
    - JXSegmentedView
    - Kanna
    - Kingfisher
    - LTScrollView
    - MJRefresh
    - Moya
    - ReactiveCocoa
    - ReactiveSwift
    - Realm
    - RealmSwift
    - Result
    - SnapKit
    - StreamingKit
    - SVProgressHUD
    - SwiftMessages
    - SwiftyJSON

SPEC CHECKSUMS:
  Alamofire: 85e8a02c69d6020a0d734f6054870d7ecb75cf18
  DNSPageView: 1a1972df33a08dbad8e43188da97b31997e1d109
  DZNEmptyDataSet: 9525833b9e68ac21c30253e1d3d7076cc828eaa7
  ESTabBarController-swift: 05593a6ad64700b03c0eb60ff625916370aa4136
  FluentDarkModeKit: b6317653a00329564582884772ec57c4eaad1a1f
  FSPagerView: 670405b2f18e2a87fa37f20b00de783e562c25a8
  HandyJSON: e18b035d60cb4847c609a59bb831c5db8c549663
  hpple: 3b765f96fc2cd56ad1a49aef6f7be5cb2aa64b57
  JXMarqueeView: dfb4eadb1bf7245c9b41706e907c889fbf53c2dc
  JXSegmentedView: eb1cad21f57c2543c00c3e08b8fd3c7ca54f5acd
  Kanna: b9d00d7c11428308c7f95e1f1f84b8205f567a8f
  Kingfisher: c148cd7b47ebde9989f6bc7c27dcaa79d81279a0
  LTScrollView: 93fff4aed9f9545f541a99b320b27808f5307c12
  MJRefresh: 238e6a37e2dba12160ee3b79f6d2a2b26abcab42
  Moya: f4a4b80ff2f8a4ffc208dfb31cd91636622fee6e
  ReactiveCocoa: e539cd41c523c8c80851b88e9723235c933b024b
  ReactiveSwift: 208201d6ecc9734196d147aa76bc1f24b1b821fe
  Realm: 869ab2a7e3bdfa6bf06d8723251539f504e6f602
  RealmSwift: f1f51c4a02fe826e5cea623b5441992f06bdc942
  Result: bd966fac789cc6c1563440b348ab2598cc24d5c7
  SnapKit: fe8a619752f3f27075cc9a90244d75c6c3f27e2a
  StreamingKit: 70ca8608c206864b4d54a577eacb3c8bf7c72209
  SVProgressHUD: 1428aafac632c1f86f62aa4243ec12008d7a51d6
  SwiftMessages: b577dc7043be8b299857ab35bb663dbff6483bd0
  SwiftyJSON: 36413e04c44ee145039d332b4f4e2d3e8d6c4db7

PODFILE CHECKSUM: 278939e0db9ce0542b04aaf95f16692919f343ad

COCOAPODS: 1.11.2
